
Microsoft Visual Studio Solution File, Format Version 12.00
# Visual Studio Version 16
VisualStudioVersion = 16.0.29230.47
MinimumVisualStudioVersion = 10.0.40219.1
Project("{FAE04EC0-301F-11D3-BF4B-00C04F79EFBC}") = "SpsProjekteAktualisieren", "SpsProjekteAktualisieren\SpsProjekteAktualisieren.csproj", "{5F46412D-C9E1-40FC-A647-4CD18A75912C}"
EndProject
Global
	GlobalSection(SolutionConfigurationPlatforms) = preSolution
		Debug|Any CPU = Debug|Any CPU
		Release|Any CPU = Release|Any CPU
	EndGlobalSection
	GlobalSection(ProjectConfigurationPlatforms) = postSolution
		{5F46412D-C9E1-40FC-A647-4CD18A75912C}.Debug|Any CPU.ActiveCfg = Debug|Any CPU
		{5F46412D-C9E1-40FC-A647-4CD18A75912C}.Debug|Any CPU.Build.0 = Debug|Any CPU
		{5F46412D-C9E1-40FC-A647-4CD18A75912C}.Release|Any CPU.ActiveCfg = Release|Any CPU
		{5F46412D-C9E1-40FC-A647-4CD18A75912C}.Release|Any CPU.Build.0 = Release|Any CPU
	EndGlobalSection
	GlobalSection(SolutionProperties) = preSolution
		HideSolutionNode = FALSE
	EndGlobalSection
	GlobalSection(ExtensibilityGlobals) = postSolution
		SolutionGuid = {6446B607-E04B-400B-BAB1-563C2CF08473}
	EndGlobalSection
EndGlobal
